
Microsoft Visual Studio Solution File, Format Version 12.00
# Visual Studio Version 17
VisualStudioVersion = 17.8.34525.116
MinimumVisualStudioVersion = 10.0.40219.1
Project("{9A19103F-16F7-4668-BE54-9A1E7A4F7556}") = "DependenciesMess", "DependenciesMess\DependenciesMess.csproj", "{B84D86BE-BB6D-4A25-8BA9-6D7B60D538E8}"
EndProject
Project("{9A19103F-16F7-4668-BE54-9A1E7A4F7556}") = "UrlDependencies", "UrlDependencies\UrlDependencies.csproj", "{5E98E516-6428-45A9-8BB3-3AA0D6E23453}"
EndProject
Project("{FAE04EC0-301F-11D3-BF4B-00C04F79EFBC}") = "UrlAutofac", "UrlAutofac\UrlAutofac.csproj", "{A8D414F9-A18E-437A-94F9-7C750940B19C}"
EndProject
Global
	GlobalSection(SolutionConfigurationPlatforms) = preSolution
		Debug|Any CPU = Debug|Any CPU
		Release|Any CPU = Release|Any CPU
	EndGlobalSection
	GlobalSection(ProjectConfigurationPlatforms) = postSolution
		{B84D86BE-BB6D-4A25-8BA9-6D7B60D538E8}.Debug|Any CPU.ActiveCfg = Debug|Any CPU
		{B84D86BE-BB6D-4A25-8BA9-6D7B60D538E8}.Debug|Any CPU.Build.0 = Debug|Any CPU
		{B84D86BE-BB6D-4A25-8BA9-6D7B60D538E8}.Release|Any CPU.ActiveCfg = Release|Any CPU
		{B84D86BE-BB6D-4A25-8BA9-6D7B60D538E8}.Release|Any CPU.Build.0 = Release|Any CPU
		{5E98E516-6428-45A9-8BB3-3AA0D6E23453}.Debug|Any CPU.ActiveCfg = Debug|Any CPU
		{5E98E516-6428-45A9-8BB3-3AA0D6E23453}.Debug|Any CPU.Build.0 = Debug|Any CPU
		{5E98E516-6428-45A9-8BB3-3AA0D6E23453}.Release|Any CPU.ActiveCfg = Release|Any CPU
		{5E98E516-6428-45A9-8BB3-3AA0D6E23453}.Release|Any CPU.Build.0 = Release|Any CPU
		{A8D414F9-A18E-437A-94F9-7C750940B19C}.Debug|Any CPU.ActiveCfg = Debug|Any CPU
		{A8D414F9-A18E-437A-94F9-7C750940B19C}.Debug|Any CPU.Build.0 = Debug|Any CPU
		{A8D414F9-A18E-437A-94F9-7C750940B19C}.Release|Any CPU.ActiveCfg = Release|Any CPU
		{A8D414F9-A18E-437A-94F9-7C750940B19C}.Release|Any CPU.Build.0 = Release|Any CPU
	EndGlobalSection
	GlobalSection(SolutionProperties) = preSolution
		HideSolutionNode = FALSE
	EndGlobalSection
	GlobalSection(ExtensibilityGlobals) = postSolution
		SolutionGuid = {B1EAFF28-838D-4188-B7DC-18A8641B42E8}
	EndGlobalSection
EndGlobal
